<Solution>
  <Project Path="MedicalOffice.Api/MedicalOffice.Api.csproj" />
  <Project Path="MedicalOffice.Application/MedicalOffice.Application.csproj" />
  <Project Path="MedicalOffice.Domain/MedicalOffice.Domain.csproj" />
  <Project Path="MedicalOffice.Infrastructure/MedicalOffice.Infrastructure.csproj" />
  <Project Path="MedicalOffice.Tests/MedicalOffice.Tests.csproj" />
</Solution>
